
Microsoft Visual Studio Solution File, Format Version 12.00
# Visual Studio Version 17
VisualStudioVersion = 17.14.36414.22 d17.14
MinimumVisualStudioVersion = 10.0.40219.1
Project("{FAE04EC0-301F-11D3-BF4B-00C04F79EFBC}") = "LocalWallpaperViewer", "LocalWallpaperViewer.csproj", "{EFA48007-D744-4B98-A010-AB530EDA22D2}"
EndProject
Global
	GlobalSection(SolutionConfigurationPlatforms) = preSolution
		Debug|Any CPU = Debug|Any CPU
		Release|Any CPU = Release|Any CPU
	EndGlobalSection
	GlobalSection(ProjectConfigurationPlatforms) = postSolution
		{EFA48007-D744-4B98-A010-AB530EDA22D2}.Debug|Any CPU.ActiveCfg = Debug|Any CPU
		{EFA48007-D744-4B98-A010-AB530EDA22D2}.Debug|Any CPU.Build.0 = Debug|Any CPU
		{EFA48007-D744-4B98-A010-AB530EDA22D2}.Release|Any CPU.ActiveCfg = Release|Any CPU
		{EFA48007-D744-4B98-A010-AB530EDA22D2}.Release|Any CPU.Build.0 = Release|Any CPU
	EndGlobalSection
	GlobalSection(SolutionProperties) = preSolution
		HideSolutionNode = FALSE
	EndGlobalSection
	GlobalSection(ExtensibilityGlobals) = postSolution
		SolutionGuid = {EB247BF1-964E-413F-B068-88ED04B8B023}
	EndGlobalSection
EndGlobal
